// !$*UTF8*$!
{
	archiveVersion = 1;
	classes = {
	};
	objectVersion = 56;
	objects = {

/* Begin PBXBuildFile section */
		0357989A29C859F70067128F /* MovingModel.swift in Sources */ = {isa = PBXBuildFile; fileRef = 0357989929C859F70067128F /* MovingModel.swift */; };
		03A84B1429C086D600F6D813 /* BoardView.swift in Sources */ = {isa = PBXBuildFile; fileRef = 03A84B1329C086D600F6D813 /* BoardView.swift */; };
		03A84B1629C08CE900F6D813 /* GameModel.swift in Sources */ = {isa = PBXBuildFile; fileRef = 03A84B1529C08CE900F6D813 /* GameModel.swift */; };
		03A84B1829C092C100F6D813 /* Resources.swift in Sources */ = {isa = PBXBuildFile; fileRef = 03A84B1729C092C100F6D813 /* Resources.swift */; };
		03A84B1A29C0B41000F6D813 /* SnakeCell.swift in Sources */ = {isa = PBXBuildFile; fileRef = 03A84B1929C0B41000F6D813 /* SnakeCell.swift */; };
		03AFA91829CA230E0062B7AE /* SnakeModel.swift in Sources */ = {isa = PBXBuildFile; fileRef = 03AFA91729CA230E0062B7AE /* SnakeModel.swift */; };
		03AFA91A29CA28970062B7AE /* AddPointModel.swift in Sources */ = {isa = PBXBuildFile; fileRef = 03AFA91929CA28970062B7AE /* AddPointModel.swift */; };
		03B2B54B2A1B76C2002E3233 /* MainView.swift in Sources */ = {isa = PBXBuildFile; fileRef = 03B2B54A2A1B76C2002E3233 /* MainView.swift */; };
		03CA7ABD29BE555000DB47A6 /* AppDelegate.swift in Sources */ = {isa = PBXBuildFile; fileRef = 03CA7ABC29BE555000DB47A6 /* AppDelegate.swift */; };
		03CA7ABF29BE555000DB47A6 /* SceneDelegate.swift in Sources */ = {isa = PBXBuildFile; fileRef = 03CA7ABE29BE555000DB47A6 /* SceneDelegate.swift */; };
		03CA7AC129BE555000DB47A6 /* MainViewController.swift in Sources */ = {isa = PBXBuildFile; fileRef = 03CA7AC029BE555000DB47A6 /* MainViewController.swift */; };
		03CA7AC629BE555200DB47A6 /* Assets.xcassets in Resources */ = {isa = PBXBuildFile; fileRef = 03CA7AC529BE555200DB47A6 /* Assets.xcassets */; };
		03CA7AC929BE555200DB47A6 /* LaunchScreen.storyboard in Resources */ = {isa = PBXBuildFile; fileRef = 03CA7AC729BE555200DB47A6 /* LaunchScreen.storyboard */; };
		03EC68952A138D0900DD078F /* JoystikView.swift in Sources */ = {isa = PBXBuildFile; fileRef = 03EC68942A138D0900DD078F /* JoystikView.swift */; };
		03EC68972A16482F00DD078F /* ControlModel.swift in Sources */ = {isa = PBXBuildFile; fileRef = 03EC68962A16482F00DD078F /* ControlModel.swift */; };
/* End PBXBuildFile section */

/* Begin PBXFileReference section */
		0357989929C859F70067128F /* MovingModel.swift */ = {isa = PBXFileReference; lastKnownFileType = sourcecode.swift; path = MovingModel.swift; sourceTree = "<group>"; };
		03A84B1329C086D600F6D813 /* BoardView.swift */ = {isa = PBXFileReference; lastKnownFileType = sourcecode.swift; path = BoardView.swift; sourceTree = "<group>"; };
		03A84B1529C08CE900F6D813 /* GameModel.swift */ = {isa = PBXFileReference; lastKnownFileType = sourcecode.swift; path = GameModel.swift; sourceTree = "<group>"; };
		03A84B1729C092C100F6D813 /* Resources.swift */ = {isa = PBXFileReference; lastKnownFileType = sourcecode.swift; path = Resources.swift; sourceTree = "<group>"; };
		03A84B1929C0B41000F6D813 /* SnakeCell.swift */ = {isa = PBXFileReference; lastKnownFileType = sourcecode.swift; path = SnakeCell.swift; sourceTree = "<group>"; };
		03AFA91729CA230E0062B7AE /* SnakeModel.swift */ = {isa = PBXFileReference; lastKnownFileType = sourcecode.swift; path = SnakeModel.swift; sourceTree = "<group>"; };
		03AFA91929CA28970062B7AE /* AddPointModel.swift */ = {isa = PBXFileReference; lastKnownFileType = sourcecode.swift; path = AddPointModel.swift; sourceTree = "<group>"; };
		03B2B54A2A1B76C2002E3233 /* MainView.swift */ = {isa = PBXFileReference; lastKnownFileType = sourcecode.swift; path = MainView.swift; sourceTree = "<group>"; };
		03CA7AB929BE555000DB47A6 /* SnakeApp.app */ = {isa = PBXFileReference; explicitFileType = wrapper.application; includeInIndex = 0; path = SnakeApp.app; sourceTree = BUILT_PRODUCTS_DIR; };
		03CA7ABC29BE555000DB47A6 /* AppDelegate.swift */ = {isa = PBXFileReference; lastKnownFileType = sourcecode.swift; path = AppDelegate.swift; sourceTree = "<group>"; };
		03CA7ABE29BE555000DB47A6 /* SceneDelegate.swift */ = {isa = PBXFileReference; lastKnownFileType = sourcecode.swift; path = SceneDelegate.swift; sourceTree = "<group>"; };
		03CA7AC029BE555000DB47A6 /* MainViewController.swift */ = {isa = PBXFileReference; lastKnownFileType = sourcecode.swift; path = MainViewController.swift; sourceTree = "<group>"; };
		03CA7AC529BE555200DB47A6 /* Assets.xcassets */ = {isa = PBXFileReference; lastKnownFileType = folder.assetcatalog; path = Assets.xcassets; sourceTree = "<group>"; };
		03CA7AC829BE555200DB47A6 /* Base */ = {isa = PBXFileReference; lastKnownFileType = file.storyboard; name = Base; path = Base.lproj/LaunchScreen.storyboard; sourceTree = "<group>"; };
		03CA7ACA29BE555200DB47A6 /* Info.plist */ = {isa = PBXFileReference; lastKnownFileType = text.plist.xml; path = Info.plist; sourceTree = "<group>"; };
		03EC68942A138D0900DD078F /* JoystikView.swift */ = {isa = PBXFileReference; lastKnownFileType = sourcecode.swift; path = JoystikView.swift; sourceTree = "<group>"; };
		03EC68962A16482F00DD078F /* ControlModel.swift */ = {isa = PBXFileReference; lastKnownFileType = sourcecode.swift; path = ControlModel.swift; sourceTree = "<group>"; };
/* End PBXFileReference section */

/* Begin PBXFrameworksBuildPhase section */
		03CA7AB629BE555000DB47A6 /* Frameworks */ = {
			isa = PBXFrameworksBuildPhase;
			buildActionMask = 2147483647;
			files = (
			);
			runOnlyForDeploymentPostprocessing = 0;
		};
/* End PBXFrameworksBuildPhase section */

/* Begin PBXGroup section */
		03CA7AB029BE555000DB47A6 = {
			isa = PBXGroup;
			children = (
				03CA7ABB29BE555000DB47A6 /* SnakeApp */,
				03CA7ABA29BE555000DB47A6 /* Products */,
			);
			sourceTree = "<group>";
		};
		03CA7ABA29BE555000DB47A6 /* Products */ = {
			isa = PBXGroup;
			children = (
				03CA7AB929BE555000DB47A6 /* SnakeApp.app */,
			);
			name = Products;
			sourceTree = "<group>";
		};
		03CA7ABB29BE555000DB47A6 /* SnakeApp */ = {
			isa = PBXGroup;
			children = (
				03CA7AD029BE594300DB47A6 /* Application */,
				03CA7AD329BE5E1A00DB47A6 /* Models */,
				03CA7AD429BE5E2400DB47A6 /* Views */,
				03CA7AD229BE5DEB00DB47A6 /* Controllers */,
				03CA7AD129BE595400DB47A6 /* SupportingFiles */,
			);
			path = SnakeApp;
			sourceTree = "<group>";
		};
		03CA7AD029BE594300DB47A6 /* Application */ = {
			isa = PBXGroup;
			children = (
				03CA7ABC29BE555000DB47A6 /* AppDelegate.swift */,
				03CA7ABE29BE555000DB47A6 /* SceneDelegate.swift */,
			);
			path = Application;
			sourceTree = "<group>";
		};
		03CA7AD129BE595400DB47A6 /* SupportingFiles */ = {
			isa = PBXGroup;
			children = (
				03CA7AC529BE555200DB47A6 /* Assets.xcassets */,
				03CA7AC729BE555200DB47A6 /* LaunchScreen.storyboard */,
				03CA7ACA29BE555200DB47A6 /* Info.plist */,
				03A84B1729C092C100F6D813 /* Resources.swift */,
			);
			path = SupportingFiles;
			sourceTree = "<group>";
		};
		03CA7AD229BE5DEB00DB47A6 /* Controllers */ = {
			isa = PBXGroup;
			children = (
				03CA7AC029BE555000DB47A6 /* MainViewController.swift */,
			);
			path = Controllers;
			sourceTree = "<group>";
		};
		03CA7AD329BE5E1A00DB47A6 /* Models */ = {
			isa = PBXGroup;
			children = (
				03EC68962A16482F00DD078F /* ControlModel.swift */,
				03A84B1529C08CE900F6D813 /* GameModel.swift */,
				03A84B1929C0B41000F6D813 /* SnakeCell.swift */,
				0357989929C859F70067128F /* MovingModel.swift */,
				03AFA91729CA230E0062B7AE /* SnakeModel.swift */,
				03AFA91929CA28970062B7AE /* AddPointModel.swift */,
			);
			path = Models;
			sourceTree = "<group>";
		};
		03CA7AD429BE5E2400DB47A6 /* Views */ = {
			isa = PBXGroup;
			children = (
				03A84B1329C086D600F6D813 /* BoardView.swift */,
				03EC68942A138D0900DD078F /* JoystikView.swift */,
				03B2B54A2A1B76C2002E3233 /* MainView.swift */,
			);
			path = Views;
			sourceTree = "<group>";
		};
/* End PBXGroup section */

/* Begin PBXNativeTarget section */
		03CA7AB829BE555000DB47A6 /* SnakeApp */ = {
			isa = PBXNativeTarget;
			buildConfigurationList = 03CA7ACD29BE555200DB47A6 /* Build configuration list for PBXNativeTarget "SnakeApp" */;
			buildPhases = (
				03CA7AB529BE555000DB47A6 /* Sources */,
				03CA7AB629BE555000DB47A6 /* Frameworks */,
				03CA7AB729BE555000DB47A6 /* Resources */,
			);
			buildRules = (
			);
			dependencies = (
			);
			name = SnakeApp;
			productName = SnakeApp;
			productReference = 03CA7AB929BE555000DB47A6 /* SnakeApp.app */;
			productType = "com.apple.product-type.application";
		};
/* End PBXNativeTarget section */

/* Begin PBXProject section */
		03CA7AB129BE555000DB47A6 /* Project object */ = {
			isa = PBXProject;
			attributes = {
				BuildIndependentTargetsInParallel = 1;
				LastSwiftUpdateCheck = 1420;
				LastUpgradeCheck = 1420;
				TargetAttributes = {
					03CA7AB829BE555000DB47A6 = {
						CreatedOnToolsVersion = 14.2;
					};
				};
			};
			buildConfigurationList = 03CA7AB429BE555000DB47A6 /* Build configuration list for PBXProject "SnakeApp" */;
			compatibilityVersion = "Xcode 14.0";
			developmentRegion = en;
			hasScannedForEncodings = 0;
			knownRegions = (
				en,
				Base,
			);
			mainGroup = 03CA7AB029BE555000DB47A6;
			productRefGroup = 03CA7ABA29BE555000DB47A6 /* Products */;
			projectDirPath = "";
			projectRoot = "";
			targets = (
				03CA7AB829BE555000DB47A6 /* SnakeApp */,
			);
		};
/* End PBXProject section */

/* Begin PBXResourcesBuildPhase section */
		03CA7AB729BE555000DB47A6 /* Resources */ = {
			isa = PBXResourcesBuildPhase;
			buildActionMask = 2147483647;
			files = (
				03CA7AC929BE555200DB47A6 /* LaunchScreen.storyboard in Resources */,
				03CA7AC629BE555200DB47A6 /* Assets.xcassets in Resources */,
			);
			runOnlyForDeploymentPostprocessing = 0;
		};
/* End PBXResourcesBuildPhase section */

/* Begin PBXSourcesBuildPhase section */
		03CA7AB529BE555000DB47A6 /* Sources */ = {
			isa = PBXSourcesBuildPhase;
			buildActionMask = 2147483647;
			files = (
				03AFA91A29CA28970062B7AE /* AddPointModel.swift in Sources */,
				03B2B54B2A1B76C2002E3233 /* MainView.swift in Sources */,
				03A84B1629C08CE900F6D813 /* GameModel.swift in Sources */,
				03CA7AC129BE555000DB47A6 /* MainViewController.swift in Sources */,
				03A84B1429C086D600F6D813 /* BoardView.swift in Sources */,
				03A84B1829C092C100F6D813 /* Resources.swift in Sources */,
				03EC68952A138D0900DD078F /* JoystikView.swift in Sources */,
				03AFA91829CA230E0062B7AE /* SnakeModel.swift in Sources */,
				03EC68972A16482F00DD078F /* ControlModel.swift in Sources */,
				03CA7ABD29BE555000DB47A6 /* AppDelegate.swift in Sources */,
				0357989A29C859F70067128F /* MovingModel.swift in Sources */,
				03A84B1A29C0B41000F6D813 /* SnakeCell.swift in Sources */,
				03CA7ABF29BE555000DB47A6 /* SceneDelegate.swift in Sources */,
			);
			runOnlyForDeploymentPostprocessing = 0;
		};
/* End PBXSourcesBuildPhase section */

/* Begin PBXVariantGroup section */
		03CA7AC729BE555200DB47A6 /* LaunchScreen.storyboard */ = {
			isa = PBXVariantGroup;
			children = (
				03CA7AC829BE555200DB47A6 /* Base */,
			);
			name = LaunchScreen.storyboard;
			sourceTree = "<group>";
		};
/* End PBXVariantGroup section */

/* Begin XCBuildConfiguration section */
		03CA7ACB29BE555200DB47A6 /* Debug */ = {
			isa = XCBuildConfiguration;
			buildSettings = {
				ALWAYS_SEARCH_USER_PATHS = NO;
				CLANG_ANALYZER_NONNULL = YES;
				CLANG_ANALYZER_NUMBER_OBJECT_CONVERSION = YES_AGGRESSIVE;
				CLANG_CXX_LANGUAGE_STANDARD = "gnu++20";
				CLANG_ENABLE_MODULES = YES;
				CLANG_ENABLE_OBJC_ARC = YES;
				CLANG_ENABLE_OBJC_WEAK = YES;
				CLANG_WARN_BLOCK_CAPTURE_AUTORELEASING = YES;
				CLANG_WARN_BOOL_CONVERSION = YES;
				CLANG_WARN_COMMA = YES;
				CLANG_WARN_CONSTANT_CONVERSION = YES;
				CLANG_WARN_DEPRECATED_OBJC_IMPLEMENTATIONS = YES;
				CLANG_WARN_DIRECT_OBJC_ISA_USAGE = YES_ERROR;
				CLANG_WARN_DOCUMENTATION_COMMENTS = YES;
				CLANG_WARN_EMPTY_BODY = YES;
				CLANG_WARN_ENUM_CONVERSION = YES;
				CLANG_WARN_INFINITE_RECURSION = YES;
				CLANG_WARN_INT_CONVERSION = YES;
				CLANG_WARN_NON_LITERAL_NULL_CONVERSION = YES;
				CLANG_WARN_OBJC_IMPLICIT_RETAIN_SELF = YES;
				CLANG_WARN_OBJC_LITERAL_CONVERSION = YES;
				CLANG_WARN_OBJC_ROOT_CLASS = YES_ERROR;
				CLANG_WARN_QUOTED_INCLUDE_IN_FRAMEWORK_HEADER = YES;
				CLANG_WARN_RANGE_LOOP_ANALYSIS = YES;
				CLANG_WARN_STRICT_PROTOTYPES = YES;
				CLANG_WARN_SUSPICIOUS_MOVE = YES;
				CLANG_WARN_UNGUARDED_AVAILABILITY = YES_AGGRESSIVE;
				CLANG_WARN_UNREACHABLE_CODE = YES;
				CLANG_WARN__DUPLICATE_METHOD_MATCH = YES;
				COPY_PHASE_STRIP = NO;
				DEBUG_INFORMATION_FORMAT = dwarf;
				ENABLE_STRICT_OBJC_MSGSEND = YES;
				ENABLE_TESTABILITY = YES;
				GCC_C_LANGUAGE_STANDARD = gnu11;
				GCC_DYNAMIC_NO_PIC = NO;
				GCC_NO_COMMON_BLOCKS = YES;
				GCC_OPTIMIZATION_LEVEL = 0;
				GCC_PREPROCESSOR_DEFINITIONS = (
					"DEBUG=1",
					"$(inherited)",
				);
				GCC_WARN_64_TO_32_BIT_CONVERSION = YES;
				GCC_WARN_ABOUT_RETURN_TYPE = YES_ERROR;
				GCC_WARN_UNDECLARED_SELECTOR = YES;
				GCC_WARN_UNINITIALIZED_AUTOS = YES_AGGRESSIVE;
				GCC_WARN_UNUSED_FUNCTION = YES;
				GCC_WARN_UNUSED_VARIABLE = YES;
				IPHONEOS_DEPLOYMENT_TARGET = 16.2;
				MTL_ENABLE_DEBUG_INFO = INCLUDE_SOURCE;
				MTL_FAST_MATH = YES;
				ONLY_ACTIVE_ARCH = YES;
				SDKROOT = iphoneos;
				SWIFT_ACTIVE_COMPILATION_CONDITIONS = DEBUG;
				SWIFT_OPTIMIZATION_LEVEL = "-Onone";
			};
			name = Debug;
		};
		03CA7ACC29BE555200DB47A6 /* Release */ = {
			isa = XCBuildConfiguration;
			buildSettings = {
				ALWAYS_SEARCH_USER_PATHS = NO;
				CLANG_ANALYZER_NONNULL = YES;
				CLANG_ANALYZER_NUMBER_OBJECT_CONVERSION = YES_AGGRESSIVE;
				CLANG_CXX_LANGUAGE_STANDARD = "gnu++20";
				CLANG_ENABLE_MODULES = YES;
				CLANG_ENABLE_OBJC_ARC = YES;
				CLANG_ENABLE_OBJC_WEAK = YES;
				CLANG_WARN_BLOCK_CAPTURE_AUTORELEASING = YES;
				CLANG_WARN_BOOL_CONVERSION = YES;
				CLANG_WARN_COMMA = YES;
				CLANG_WARN_CONSTANT_CONVERSION = YES;
				CLANG_WARN_DEPRECATED_OBJC_IMPLEMENTATIONS = YES;
				CLANG_WARN_DIRECT_OBJC_ISA_USAGE = YES_ERROR;
				CLANG_WARN_DOCUMENTATION_COMMENTS = YES;
				CLANG_WARN_EMPTY_BODY = YES;
				CLANG_WARN_ENUM_CONVERSION = YES;
				CLANG_WARN_INFINITE_RECURSION = YES;
				CLANG_WARN_INT_CONVERSION = YES;
				CLANG_WARN_NON_LITERAL_NULL_CONVERSION = YES;
				CLANG_WARN_OBJC_IMPLICIT_RETAIN_SELF = YES;
				CLANG_WARN_OBJC_LITERAL_CONVERSION = YES;
				CLANG_WARN_OBJC_ROOT_CLASS = YES_ERROR;
				CLANG_WARN_QUOTED_INCLUDE_IN_FRAMEWORK_HEADER = YES;
				CLANG_WARN_RANGE_LOOP_ANALYSIS = YES;
				CLANG_WARN_STRICT_PROTOTYPES = YES;
				CLANG_WARN_SUSPICIOUS_MOVE = YES;
				CLANG_WARN_UNGUARDED_AVAILABILITY = YES_AGGRESSIVE;
				CLANG_WARN_UNREACHABLE_CODE = YES;
				CLANG_WARN__DUPLICATE_METHOD_MATCH = YES;
				COPY_PHASE_STRIP = NO;
				DEBUG_INFORMATION_FORMAT = "dwarf-with-dsym";
				ENABLE_NS_ASSERTIONS = NO;
				ENABLE_STRICT_OBJC_MSGSEND = YES;
				GCC_C_LANGUAGE_STANDARD = gnu11;
				GCC_NO_COMMON_BLOCKS = YES;
				GCC_WARN_64_TO_32_BIT_CONVERSION = YES;
				GCC_WARN_ABOUT_RETURN_TYPE = YES_ERROR;
				GCC_WARN_UNDECLARED_SELECTOR = YES;
				GCC_WARN_UNINITIALIZED_AUTOS = YES_AGGRESSIVE;
				GCC_WARN_UNUSED_FUNCTION = YES;
				GCC_WARN_UNUSED_VARIABLE = YES;
				IPHONEOS_DEPLOYMENT_TARGET = 16.2;
				MTL_ENABLE_DEBUG_INFO = NO;
				MTL_FAST_MATH = YES;
				SDKROOT = iphoneos;
				SWIFT_COMPILATION_MODE = wholemodule;
				SWIFT_OPTIMIZATION_LEVEL = "-O";
				VALIDATE_PRODUCT = YES;
			};
			name = Release;
		};
		03CA7ACE29BE555200DB47A6 /* Debug */ = {
			isa = XCBuildConfiguration;
			buildSettings = {
				ASSETCATALOG_COMPILER_APPICON_NAME = AppIcon;
				ASSETCATALOG_COMPILER_GLOBAL_ACCENT_COLOR_NAME = AccentColor;
				CODE_SIGN_STYLE = Automatic;
				CURRENT_PROJECT_VERSION = 1;
				DEVELOPMENT_TEAM = C5MJRPU929;
				GENERATE_INFOPLIST_FILE = YES;
				INFOPLIST_FILE = SnakeApp/SupportingFiles/Info.plist;
				INFOPLIST_KEY_UIApplicationSupportsIndirectInputEvents = YES;
				INFOPLIST_KEY_UILaunchStoryboardName = LaunchScreen;
				INFOPLIST_KEY_UISupportedInterfaceOrientations_iPad = "UIInterfaceOrientationPortrait UIInterfaceOrientationPortraitUpsideDown UIInterfaceOrientationLandscapeLeft UIInterfaceOrientationLandscapeRight";
				INFOPLIST_KEY_UISupportedInterfaceOrientations_iPhone = "UIInterfaceOrientationPortrait UIInterfaceOrientationLandscapeLeft UIInterfaceOrientationLandscapeRight";
				LD_RUNPATH_SEARCH_PATHS = (
					"$(inherited)",
					"@executable_path/Frameworks",
				);
				MARKETING_VERSION = 1.0;
				PRODUCT_BUNDLE_IDENTIFIER = Asichka.SnakeApp;
				PRODUCT_NAME = "$(TARGET_NAME)";
				SWIFT_EMIT_LOC_STRINGS = YES;
				SWIFT_VERSION = 5.0;
				TARGETED_DEVICE_FAMILY = "1,2";
			};
			name = Debug;
		};
		03CA7ACF29BE555200DB47A6 /* Release */ = {
			isa = XCBuildConfiguration;
			buildSettings = {
				ASSETCATALOG_COMPILER_APPICON_NAME = AppIcon;
				ASSETCATALOG_COMPILER_GLOBAL_ACCENT_COLOR_NAME = AccentColor;
				CODE_SIGN_STYLE = Automatic;
				CURRENT_PROJECT_VERSION = 1;
				DEVELOPMENT_TEAM = C5MJRPU929;
				GENERATE_INFOPLIST_FILE = YES;
				INFOPLIST_FILE = SnakeApp/SupportingFiles/Info.plist;
				INFOPLIST_KEY_UIApplicationSupportsIndirectInputEvents = YES;
				INFOPLIST_KEY_UILaunchStoryboardName = LaunchScreen;
				INFOPLIST_KEY_UISupportedInterfaceOrientations_iPad = "UIInterfaceOrientationPortrait UIInterfaceOrientationPortraitUpsideDown UIInterfaceOrientationLandscapeLeft UIInterfaceOrientationLandscapeRight";
				INFOPLIST_KEY_UISupportedInterfaceOrientations_iPhone = "UIInterfaceOrientationPortrait UIInterfaceOrientationLandscapeLeft UIInterfaceOrientationLandscapeRight";
				LD_RUNPATH_SEARCH_PATHS = (
					"$(inherited)",
					"@executable_path/Frameworks",
				);
				MARKETING_VERSION = 1.0;
				PRODUCT_BUNDLE_IDENTIFIER = Asichka.SnakeApp;
				PRODUCT_NAME = "$(TARGET_NAME)";
				SWIFT_EMIT_LOC_STRINGS = YES;
				SWIFT_VERSION = 5.0;
				TARGETED_DEVICE_FAMILY = "1,2";
			};
			name = Release;
		};
/* End XCBuildConfiguration section */

/* Begin XCConfigurationList section */
		03CA7AB429BE555000DB47A6 /* Build configuration list for PBXProject "SnakeApp" */ = {
			isa = XCConfigurationList;
			buildConfigurations = (
				03CA7ACB29BE555200DB47A6 /* Debug */,
				03CA7ACC29BE555200DB47A6 /* Release */,
			);
			defaultConfigurationIsVisible = 0;
			defaultConfigurationName = Release;
		};
		03CA7ACD29BE555200DB47A6 /* Build configuration list for PBXNativeTarget "SnakeApp" */ = {
			isa = XCConfigurationList;
			buildConfigurations = (
				03CA7ACE29BE555200DB47A6 /* Debug */,
				03CA7ACF29BE555200DB47A6 /* Release */,
			);
			defaultConfigurationIsVisible = 0;
			defaultConfigurationName = Release;
		};
/* End XCConfigurationList section */
	};
	rootObject = 03CA7AB129BE555000DB47A6 /* Project object */;
}
